
Microsoft Visual Studio Solution File, Format Version 12.00
# Visual Studio 15
VisualStudioVersion = 15.0.28307.705
MinimumVisualStudioVersion = 10.0.40219.1
Project("{9A19103F-16F7-4668-BE54-9A1E7A4F7556}") = "Console", "ConsoleApp\Console.csproj", "{E55960D7-760E-47F9-954C-63B6CC8A5475}"
EndProject
Project("{E24C65DC-7377-472B-9ABA-BC803B73C61A}") = "WebSite", "WebSite\", "{20459883-E6A2-4284-9A7A-C683ACA38612}"
	ProjectSection(WebsiteProperties) = preProject
		TargetFrameworkMoniker = ".NETFramework,Version%3Dv4.6.1"
		Debug.AspNetCompiler.VirtualPath = "/localhost_59816"
		Debug.AspNetCompiler.PhysicalPath = "WebSite\"
		Debug.AspNetCompiler.TargetPath = "PrecompiledWeb\localhost_59816\"
		Debug.AspNetCompiler.Updateable = "true"
		Debug.AspNetCompiler.ForceOverwrite = "true"
		Debug.AspNetCompiler.FixedNames = "false"
		Debug.AspNetCompiler.Debug = "True"
		Release.AspNetCompiler.VirtualPath = "/localhost_59816"
		Release.AspNetCompiler.PhysicalPath = "WebSite\"
		Release.AspNetCompiler.TargetPath = "PrecompiledWeb\localhost_59816\"
		Release.AspNetCompiler.Updateable = "true"
		Release.AspNetCompiler.ForceOverwrite = "true"
		Release.AspNetCompiler.FixedNames = "false"
		Release.AspNetCompiler.Debug = "False"
		VWDPort = "59816"
		SlnRelativePath = "WebSite\"
		DefaultWebSiteLanguage = "Visual C#"
	EndProjectSection
EndProject
Global
	GlobalSection(SolutionConfigurationPlatforms) = preSolution
		Debug|Any CPU = Debug|Any CPU
		Release|Any CPU = Release|Any CPU
	EndGlobalSection
	GlobalSection(ProjectConfigurationPlatforms) = postSolution
		{E55960D7-760E-47F9-954C-63B6CC8A5475}.Debug|Any CPU.ActiveCfg = Debug|Any CPU
		{E55960D7-760E-47F9-954C-63B6CC8A5475}.Debug|Any CPU.Build.0 = Debug|Any CPU
		{E55960D7-760E-47F9-954C-63B6CC8A5475}.Release|Any CPU.ActiveCfg = Release|Any CPU
		{E55960D7-760E-47F9-954C-63B6CC8A5475}.Release|Any CPU.Build.0 = Release|Any CPU
		{20459883-E6A2-4284-9A7A-C683ACA38612}.Debug|Any CPU.ActiveCfg = Debug|Any CPU
		{20459883-E6A2-4284-9A7A-C683ACA38612}.Debug|Any CPU.Build.0 = Debug|Any CPU
		{20459883-E6A2-4284-9A7A-C683ACA38612}.Release|Any CPU.ActiveCfg = Debug|Any CPU
		{20459883-E6A2-4284-9A7A-C683ACA38612}.Release|Any CPU.Build.0 = Debug|Any CPU
	EndGlobalSection
	GlobalSection(SolutionProperties) = preSolution
		HideSolutionNode = FALSE
	EndGlobalSection
	GlobalSection(ExtensibilityGlobals) = postSolution
		SolutionGuid = {A8AB0C90-D1AC-4C0C-B4A6-10FE2D53940F}
	EndGlobalSection
EndGlobal
